<Solution>
  <Folder Name="/src/">
    <Project Path="src/JaxI18n.App/JaxI18n.App.csproj" />
    <Project Path="src/JaxI18n.Application/JaxI18n.Application.csproj" />
    <Project Path="src/JaxI18n.Archive/JaxI18n.Archive.csproj" />
    <Project Path="src/JaxI18n.Core/JaxI18n.Core.csproj" />
    <Project Path="src/JaxI18n.Infrastructure/JaxI18n.Infrastructure.csproj" />
    <Project Path="src/JaxI18n.Mcp/JaxI18n.Mcp.csproj" />
    <Project Path="src/JaxI18n.McpHost/JaxI18n.McpHost.csproj" />
    <Project Path="src/JaxI18n.NativeInterop/JaxI18n.NativeInterop.csproj" />
    <Project Path="src/JaxI18n.Presentation/JaxI18n.Presentation.csproj" />
  </Folder>
  <Folder Name="/tests/">
    <Project Path="tests/JaxI18n.App.Tests/JaxI18n.App.Tests.csproj" />
    <Project Path="tests/JaxI18n.Application.Tests/JaxI18n.Application.Tests.csproj" />
    <Project Path="tests/JaxI18n.Archive.Tests/JaxI18n.Archive.Tests.csproj" />
    <Project Path="tests/JaxI18n.Core.Tests/JaxI18n.Core.Tests.csproj" />
    <Project Path="tests/JaxI18n.Infrastructure.Tests/JaxI18n.Infrastructure.Tests.csproj" />
    <Project Path="tests/JaxI18n.Mcp.Tests/JaxI18n.Mcp.Tests.csproj" />
    <Project Path="tests/JaxI18n.NativeInterop.Tests/JaxI18n.NativeInterop.Tests.csproj" />
    <Project Path="tests/JaxI18n.Presentation.Tests/JaxI18n.Presentation.Tests.csproj" />
  </Folder>
</Solution>
